
Microsoft Visual Studio Solution File, Format Version 12.00
# Visual Studio Version 17
VisualStudioVersion = 17.0.31903.59
MinimumVisualStudioVersion = 10.0.40219.1
Project("{2150E333-8FDC-42A3-9474-1A3956D46DE8}") = "src", "src", "{827E0CD3-B72D-47B6-A68D-7590B98EB39B}"
EndProject
Project("{2150E333-8FDC-42A3-9474-1A3956D46DE8}") = "Shared", "Shared", "{C8E42992-5E42-0C2B-DBFE-AA848D06431C}"
EndProject
Project("{FAE04EC0-301F-11D3-BF4B-00C04F79EFBC}") = "SharpInvoice.Shared.Kernel", "src\Shared\SharpInvoice.Shared.Kernel\SharpInvoice.Shared.Kernel.csproj", "{1690ECB3-1BDF-4FB2-937D-948945783871}"
EndProject
Project("{2150E333-8FDC-42A3-9474-1A3956D46DE8}") = "API", "API", "{81034408-37C8-1011-444E-4C15C2FADA8E}"
EndProject
Project("{FAE04EC0-301F-11D3-BF4B-00C04F79EFBC}") = "SharpInvoice.API", "src\API\SharpInvoice.API\SharpInvoice.API.csproj", "{3E1D3817-7E2D-4CA2-B67F-E7E0DCB6F7A3}"
EndProject
Project("{2150E333-8FDC-42A3-9474-1A3956D46DE8}") = "Modules", "Modules", "{EC447DCF-ABFA-6E24-52A5-D7FD48A5C558}"
EndProject
Project("{2150E333-8FDC-42A3-9474-1A3956D46DE8}") = "Auth", "Auth", "{E9D55F35-C373-3DD8-6914-3213F2F582A2}"
EndProject
Project("{FAE04EC0-301F-11D3-BF4B-00C04F79EFBC}") = "SharpInvoice.Modules.Auth.Domain", "src\Modules\Auth\SharpInvoice.Modules.Auth.Domain\SharpInvoice.Modules.Auth.Domain.csproj", "{865CF716-B853-46A0-80A5-0804EFA0B182}"
EndProject
Project("{FAE04EC0-301F-11D3-BF4B-00C04F79EFBC}") = "SharpInvoice.Modules.Auth.Application", "src\Modules\Auth\SharpInvoice.Modules.Auth.Application\SharpInvoice.Modules.Auth.Application.csproj", "{458BB5ED-5A69-4DEF-842B-B05F10883187}"
EndProject
Project("{FAE04EC0-301F-11D3-BF4B-00C04F79EFBC}") = "SharpInvoice.Modules.Auth.Infrastructure", "src\Modules\Auth\SharpInvoice.Modules.Auth.Infrastructure\SharpInvoice.Modules.Auth.Infrastructure.csproj", "{BCAFBC91-F643-4677-85D2-1AC489125765}"
EndProject
Project("{2150E333-8FDC-42A3-9474-1A3956D46DE8}") = "Invoicing", "Invoicing", "{FABA5AED-8473-ECDD-F898-04A2F061EC74}"
EndProject
Project("{FAE04EC0-301F-11D3-BF4B-00C04F79EFBC}") = "SharpInvoice.Modules.Invoicing.Domain", "src\Modules\Invoicing\SharpInvoice.Modules.Invoicing.Domain\SharpInvoice.Modules.Invoicing.Domain.csproj", "{87489D1F-AABC-4DE7-A511-16A662FDDBD1}"
EndProject
Project("{FAE04EC0-301F-11D3-BF4B-00C04F79EFBC}") = "SharpInvoice.Modules.Invoicing.Application", "src\Modules\Invoicing\SharpInvoice.Modules.Invoicing.Application\SharpInvoice.Modules.Invoicing.Application.csproj", "{582CA2B8-AE17-46F4-A201-783D352EA5D4}"
EndProject
Project("{FAE04EC0-301F-11D3-BF4B-00C04F79EFBC}") = "SharpInvoice.Modules.Invoicing.Infrastructure", "src\Modules\Invoicing\SharpInvoice.Modules.Invoicing.Infrastructure\SharpInvoice.Modules.Invoicing.Infrastructure.csproj", "{0E4C836C-9012-41D3-93B1-850FC4F26674}"
EndProject
Project("{2150E333-8FDC-42A3-9474-1A3956D46DE8}") = "Payments", "Payments", "{3482A603-7AEB-377F-9DA5-9757A465DBE8}"
EndProject
Project("{FAE04EC0-301F-11D3-BF4B-00C04F79EFBC}") = "SharpInvoice.Modules.Payments.Domain", "src\Modules\Payments\SharpInvoice.Modules.Payments.Domain\SharpInvoice.Modules.Payments.Domain.csproj", "{3A419FDD-C080-405A-92CB-3B52CE9ED40D}"
EndProject
Project("{FAE04EC0-301F-11D3-BF4B-00C04F79EFBC}") = "SharpInvoice.Modules.Payments.Application", "src\Modules\Payments\SharpInvoice.Modules.Payments.Application\SharpInvoice.Modules.Payments.Application.csproj", "{45A5F21C-999B-4940-8C00-FF6AA2D49D5A}"
EndProject
Project("{FAE04EC0-301F-11D3-BF4B-00C04F79EFBC}") = "SharpInvoice.Modules.Payments.Infrastructure", "src\Modules\Payments\SharpInvoice.Modules.Payments.Infrastructure\SharpInvoice.Modules.Payments.Infrastructure.csproj", "{D9A1C7AE-BE3C-4F38-8560-95F4B2D0784A}"
EndProject
Project("{2150E333-8FDC-42A3-9474-1A3956D46DE8}") = "UserManagement", "UserManagement", "{F0EECECE-E7AF-469A-3DD3-7F1A8CA7A7AC}"
EndProject
Project("{FAE04EC0-301F-11D3-BF4B-00C04F79EFBC}") = "SharpInvoice.Modules.UserManagement.Domain", "src\Modules\UserManagement\SharpInvoice.Modules.UserManagement.Domain\SharpInvoice.Modules.UserManagement.Domain.csproj", "{6FA96208-B4EB-4FF8-B079-4113E13B7D17}"
EndProject
Project("{FAE04EC0-301F-11D3-BF4B-00C04F79EFBC}") = "SharpInvoice.Modules.UserManagement.Application", "src\Modules\UserManagement\SharpInvoice.Modules.UserManagement.Application\SharpInvoice.Modules.UserManagement.Application.csproj", "{BAE86A12-CA95-4655-9D77-4635B95FEAA9}"
EndProject
Project("{FAE04EC0-301F-11D3-BF4B-00C04F79EFBC}") = "SharpInvoice.Modules.UserManagement.Infrastructure", "src\Modules\UserManagement\SharpInvoice.Modules.UserManagement.Infrastructure\SharpInvoice.Modules.UserManagement.Infrastructure.csproj", "{84FCBF5C-F013-48E2-A99B-0D7BFCBDA35A}"
EndProject
Project("{FAE04EC0-301F-11D3-BF4B-00C04F79EFBC}") = "SharpInvoice.Shared.Infrastructure", "src\Shared\SharpInvoice.Shared.Infrastructure\SharpInvoice.Shared.Infrastructure.csproj", "{AD5B43FE-2662-4260-9B3A-127A52939BD0}"
EndProject
Global
	GlobalSection(SolutionConfigurationPlatforms) = preSolution
		Debug|Any CPU = Debug|Any CPU
		Debug|x64 = Debug|x64
		Debug|x86 = Debug|x86
		Release|Any CPU = Release|Any CPU
		Release|x64 = Release|x64
		Release|x86 = Release|x86
	EndGlobalSection
	GlobalSection(ProjectConfigurationPlatforms) = postSolution
		{1690ECB3-1BDF-4FB2-937D-948945783871}.Debug|Any CPU.ActiveCfg = Debug|Any CPU
		{1690ECB3-1BDF-4FB2-937D-948945783871}.Debug|Any CPU.Build.0 = Debug|Any CPU
		{1690ECB3-1BDF-4FB2-937D-948945783871}.Debug|x64.ActiveCfg = Debug|Any CPU
		{1690ECB3-1BDF-4FB2-937D-948945783871}.Debug|x64.Build.0 = Debug|Any CPU
		{1690ECB3-1BDF-4FB2-937D-948945783871}.Debug|x86.ActiveCfg = Debug|Any CPU
		{1690ECB3-1BDF-4FB2-937D-948945783871}.Debug|x86.Build.0 = Debug|Any CPU
		{1690ECB3-1BDF-4FB2-937D-948945783871}.Release|Any CPU.ActiveCfg = Release|Any CPU
		{1690ECB3-1BDF-4FB2-937D-948945783871}.Release|Any CPU.Build.0 = Release|Any CPU
		{1690ECB3-1BDF-4FB2-937D-948945783871}.Release|x64.ActiveCfg = Release|Any CPU
		{1690ECB3-1BDF-4FB2-937D-948945783871}.Release|x64.Build.0 = Release|Any CPU
		{1690ECB3-1BDF-4FB2-937D-948945783871}.Release|x86.ActiveCfg = Release|Any CPU
		{1690ECB3-1BDF-4FB2-937D-948945783871}.Release|x86.Build.0 = Release|Any CPU
		{3E1D3817-7E2D-4CA2-B67F-E7E0DCB6F7A3}.Debug|Any CPU.ActiveCfg = Debug|Any CPU
		{3E1D3817-7E2D-4CA2-B67F-E7E0DCB6F7A3}.Debug|Any CPU.Build.0 = Debug|Any CPU
		{3E1D3817-7E2D-4CA2-B67F-E7E0DCB6F7A3}.Debug|x64.ActiveCfg = Debug|Any CPU
		{3E1D3817-7E2D-4CA2-B67F-E7E0DCB6F7A3}.Debug|x64.Build.0 = Debug|Any CPU
		{3E1D3817-7E2D-4CA2-B67F-E7E0DCB6F7A3}.Debug|x86.ActiveCfg = Debug|Any CPU
		{3E1D3817-7E2D-4CA2-B67F-E7E0DCB6F7A3}.Debug|x86.Build.0 = Debug|Any CPU
		{3E1D3817-7E2D-4CA2-B67F-E7E0DCB6F7A3}.Release|Any CPU.ActiveCfg = Release|Any CPU
		{3E1D3817-7E2D-4CA2-B67F-E7E0DCB6F7A3}.Release|Any CPU.Build.0 = Release|Any CPU
		{3E1D3817-7E2D-4CA2-B67F-E7E0DCB6F7A3}.Release|x64.ActiveCfg = Release|Any CPU
		{3E1D3817-7E2D-4CA2-B67F-E7E0DCB6F7A3}.Release|x64.Build.0 = Release|Any CPU
		{3E1D3817-7E2D-4CA2-B67F-E7E0DCB6F7A3}.Release|x86.ActiveCfg = Release|Any CPU
		{3E1D3817-7E2D-4CA2-B67F-E7E0DCB6F7A3}.Release|x86.Build.0 = Release|Any CPU
		{865CF716-B853-46A0-80A5-0804EFA0B182}.Debug|Any CPU.ActiveCfg = Debug|Any CPU
		{865CF716-B853-46A0-80A5-0804EFA0B182}.Debug|Any CPU.Build.0 = Debug|Any CPU
		{865CF716-B853-46A0-80A5-0804EFA0B182}.Debug|x64.ActiveCfg = Debug|Any CPU
		{865CF716-B853-46A0-80A5-0804EFA0B182}.Debug|x64.Build.0 = Debug|Any CPU
		{865CF716-B853-46A0-80A5-0804EFA0B182}.Debug|x86.ActiveCfg = Debug|Any CPU
		{865CF716-B853-46A0-80A5-0804EFA0B182}.Debug|x86.Build.0 = Debug|Any CPU
		{865CF716-B853-46A0-80A5-0804EFA0B182}.Release|Any CPU.ActiveCfg = Release|Any CPU
		{865CF716-B853-46A0-80A5-0804EFA0B182}.Release|Any CPU.Build.0 = Release|Any CPU
		{865CF716-B853-46A0-80A5-0804EFA0B182}.Release|x64.ActiveCfg = Release|Any CPU
		{865CF716-B853-46A0-80A5-0804EFA0B182}.Release|x64.Build.0 = Release|Any CPU
		{865CF716-B853-46A0-80A5-0804EFA0B182}.Release|x86.ActiveCfg = Release|Any CPU
		{865CF716-B853-46A0-80A5-0804EFA0B182}.Release|x86.Build.0 = Release|Any CPU
		{458BB5ED-5A69-4DEF-842B-B05F10883187}.Debug|Any CPU.ActiveCfg = Debug|Any CPU
		{458BB5ED-5A69-4DEF-842B-B05F10883187}.Debug|Any CPU.Build.0 = Debug|Any CPU
		{458BB5ED-5A69-4DEF-842B-B05F10883187}.Debug|x64.ActiveCfg = Debug|Any CPU
		{458BB5ED-5A69-4DEF-842B-B05F10883187}.Debug|x64.Build.0 = Debug|Any CPU
		{458BB5ED-5A69-4DEF-842B-B05F10883187}.Debug|x86.ActiveCfg = Debug|Any CPU
		{458BB5ED-5A69-4DEF-842B-B05F10883187}.Debug|x86.Build.0 = Debug|Any CPU
		{458BB5ED-5A69-4DEF-842B-B05F10883187}.Release|Any CPU.ActiveCfg = Release|Any CPU
		{458BB5ED-5A69-4DEF-842B-B05F10883187}.Release|Any CPU.Build.0 = Release|Any CPU
		{458BB5ED-5A69-4DEF-842B-B05F10883187}.Release|x64.ActiveCfg = Release|Any CPU
		{458BB5ED-5A69-4DEF-842B-B05F10883187}.Release|x64.Build.0 = Release|Any CPU
		{458BB5ED-5A69-4DEF-842B-B05F10883187}.Release|x86.ActiveCfg = Release|Any CPU
		{458BB5ED-5A69-4DEF-842B-B05F10883187}.Release|x86.Build.0 = Release|Any CPU
		{BCAFBC91-F643-4677-85D2-1AC489125765}.Debug|Any CPU.ActiveCfg = Debug|Any CPU
		{BCAFBC91-F643-4677-85D2-1AC489125765}.Debug|Any CPU.Build.0 = Debug|Any CPU
		{BCAFBC91-F643-4677-85D2-1AC489125765}.Debug|x64.ActiveCfg = Debug|Any CPU
		{BCAFBC91-F643-4677-85D2-1AC489125765}.Debug|x64.Build.0 = Debug|Any CPU
		{BCAFBC91-F643-4677-85D2-1AC489125765}.Debug|x86.ActiveCfg = Debug|Any CPU
		{BCAFBC91-F643-4677-85D2-1AC489125765}.Debug|x86.Build.0 = Debug|Any CPU
		{BCAFBC91-F643-4677-85D2-1AC489125765}.Release|Any CPU.ActiveCfg = Release|Any CPU
		{BCAFBC91-F643-4677-85D2-1AC489125765}.Release|Any CPU.Build.0 = Release|Any CPU
		{BCAFBC91-F643-4677-85D2-1AC489125765}.Release|x64.ActiveCfg = Release|Any CPU
		{BCAFBC91-F643-4677-85D2-1AC489125765}.Release|x64.Build.0 = Release|Any CPU
		{BCAFBC91-F643-4677-85D2-1AC489125765}.Release|x86.ActiveCfg = Release|Any CPU
		{BCAFBC91-F643-4677-85D2-1AC489125765}.Release|x86.Build.0 = Release|Any CPU
		{87489D1F-AABC-4DE7-A511-16A662FDDBD1}.Debug|Any CPU.ActiveCfg = Debug|Any CPU
		{87489D1F-AABC-4DE7-A511-16A662FDDBD1}.Debug|Any CPU.Build.0 = Debug|Any CPU
		{87489D1F-AABC-4DE7-A511-16A662FDDBD1}.Debug|x64.ActiveCfg = Debug|Any CPU
		{87489D1F-AABC-4DE7-A511-16A662FDDBD1}.Debug|x64.Build.0 = Debug|Any CPU
		{87489D1F-AABC-4DE7-A511-16A662FDDBD1}.Debug|x86.ActiveCfg = Debug|Any CPU
		{87489D1F-AABC-4DE7-A511-16A662FDDBD1}.Debug|x86.Build.0 = Debug|Any CPU
		{87489D1F-AABC-4DE7-A511-16A662FDDBD1}.Release|Any CPU.ActiveCfg = Release|Any CPU
		{87489D1F-AABC-4DE7-A511-16A662FDDBD1}.Release|Any CPU.Build.0 = Release|Any CPU
		{87489D1F-AABC-4DE7-A511-16A662FDDBD1}.Release|x64.ActiveCfg = Release|Any CPU
		{87489D1F-AABC-4DE7-A511-16A662FDDBD1}.Release|x64.Build.0 = Release|Any CPU
		{87489D1F-AABC-4DE7-A511-16A662FDDBD1}.Release|x86.ActiveCfg = Release|Any CPU
		{87489D1F-AABC-4DE7-A511-16A662FDDBD1}.Release|x86.Build.0 = Release|Any CPU
		{582CA2B8-AE17-46F4-A201-783D352EA5D4}.Debug|Any CPU.ActiveCfg = Debug|Any CPU
		{582CA2B8-AE17-46F4-A201-783D352EA5D4}.Debug|Any CPU.Build.0 = Debug|Any CPU
		{582CA2B8-AE17-46F4-A201-783D352EA5D4}.Debug|x64.ActiveCfg = Debug|Any CPU
		{582CA2B8-AE17-46F4-A201-783D352EA5D4}.Debug|x64.Build.0 = Debug|Any CPU
		{582CA2B8-AE17-46F4-A201-783D352EA5D4}.Debug|x86.ActiveCfg = Debug|Any CPU
		{582CA2B8-AE17-46F4-A201-783D352EA5D4}.Debug|x86.Build.0 = Debug|Any CPU
		{582CA2B8-AE17-46F4-A201-783D352EA5D4}.Release|Any CPU.ActiveCfg = Release|Any CPU
		{582CA2B8-AE17-46F4-A201-783D352EA5D4}.Release|Any CPU.Build.0 = Release|Any CPU
		{582CA2B8-AE17-46F4-A201-783D352EA5D4}.Release|x64.ActiveCfg = Release|Any CPU
		{582CA2B8-AE17-46F4-A201-783D352EA5D4}.Release|x64.Build.0 = Release|Any CPU
		{582CA2B8-AE17-46F4-A201-783D352EA5D4}.Release|x86.ActiveCfg = Release|Any CPU
		{582CA2B8-AE17-46F4-A201-783D352EA5D4}.Release|x86.Build.0 = Release|Any CPU
		{0E4C836C-9012-41D3-93B1-850FC4F26674}.Debug|Any CPU.ActiveCfg = Debug|Any CPU
		{0E4C836C-9012-41D3-93B1-850FC4F26674}.Debug|Any CPU.Build.0 = Debug|Any CPU
		{0E4C836C-9012-41D3-93B1-850FC4F26674}.Debug|x64.ActiveCfg = Debug|Any CPU
		{0E4C836C-9012-41D3-93B1-850FC4F26674}.Debug|x64.Build.0 = Debug|Any CPU
		{0E4C836C-9012-41D3-93B1-850FC4F26674}.Debug|x86.ActiveCfg = Debug|Any CPU
		{0E4C836C-9012-41D3-93B1-850FC4F26674}.Debug|x86.Build.0 = Debug|Any CPU
		{0E4C836C-9012-41D3-93B1-850FC4F26674}.Release|Any CPU.ActiveCfg = Release|Any CPU
		{0E4C836C-9012-41D3-93B1-850FC4F26674}.Release|Any CPU.Build.0 = Release|Any CPU
		{0E4C836C-9012-41D3-93B1-850FC4F26674}.Release|x64.ActiveCfg = Release|Any CPU
		{0E4C836C-9012-41D3-93B1-850FC4F26674}.Release|x64.Build.0 = Release|Any CPU
		{0E4C836C-9012-41D3-93B1-850FC4F26674}.Release|x86.ActiveCfg = Release|Any CPU
		{0E4C836C-9012-41D3-93B1-850FC4F26674}.Release|x86.Build.0 = Release|Any CPU
		{3A419FDD-C080-405A-92CB-3B52CE9ED40D}.Debug|Any CPU.ActiveCfg = Debug|Any CPU
		{3A419FDD-C080-405A-92CB-3B52CE9ED40D}.Debug|Any CPU.Build.0 = Debug|Any CPU
		{3A419FDD-C080-405A-92CB-3B52CE9ED40D}.Debug|x64.ActiveCfg = Debug|Any CPU
		{3A419FDD-C080-405A-92CB-3B52CE9ED40D}.Debug|x64.Build.0 = Debug|Any CPU
		{3A419FDD-C080-405A-92CB-3B52CE9ED40D}.Debug|x86.ActiveCfg = Debug|Any CPU
		{3A419FDD-C080-405A-92CB-3B52CE9ED40D}.Debug|x86.Build.0 = Debug|Any CPU
		{3A419FDD-C080-405A-92CB-3B52CE9ED40D}.Release|Any CPU.ActiveCfg = Release|Any CPU
		{3A419FDD-C080-405A-92CB-3B52CE9ED40D}.Release|Any CPU.Build.0 = Release|Any CPU
		{3A419FDD-C080-405A-92CB-3B52CE9ED40D}.Release|x64.ActiveCfg = Release|Any CPU
		{3A419FDD-C080-405A-92CB-3B52CE9ED40D}.Release|x64.Build.0 = Release|Any CPU
		{3A419FDD-C080-405A-92CB-3B52CE9ED40D}.Release|x86.ActiveCfg = Release|Any CPU
		{3A419FDD-C080-405A-92CB-3B52CE9ED40D}.Release|x86.Build.0 = Release|Any CPU
		{45A5F21C-999B-4940-8C00-FF6AA2D49D5A}.Debug|Any CPU.ActiveCfg = Debug|Any CPU
		{45A5F21C-999B-4940-8C00-FF6AA2D49D5A}.Debug|Any CPU.Build.0 = Debug|Any CPU
		{45A5F21C-999B-4940-8C00-FF6AA2D49D5A}.Debug|x64.ActiveCfg = Debug|Any CPU
		{45A5F21C-999B-4940-8C00-FF6AA2D49D5A}.Debug|x64.Build.0 = Debug|Any CPU
		{45A5F21C-999B-4940-8C00-FF6AA2D49D5A}.Debug|x86.ActiveCfg = Debug|Any CPU
		{45A5F21C-999B-4940-8C00-FF6AA2D49D5A}.Debug|x86.Build.0 = Debug|Any CPU
		{45A5F21C-999B-4940-8C00-FF6AA2D49D5A}.Release|Any CPU.ActiveCfg = Release|Any CPU
		{45A5F21C-999B-4940-8C00-FF6AA2D49D5A}.Release|Any CPU.Build.0 = Release|Any CPU
		{45A5F21C-999B-4940-8C00-FF6AA2D49D5A}.Release|x64.ActiveCfg = Release|Any CPU
		{45A5F21C-999B-4940-8C00-FF6AA2D49D5A}.Release|x64.Build.0 = Release|Any CPU
		{45A5F21C-999B-4940-8C00-FF6AA2D49D5A}.Release|x86.ActiveCfg = Release|Any CPU
		{45A5F21C-999B-4940-8C00-FF6AA2D49D5A}.Release|x86.Build.0 = Release|Any CPU
		{D9A1C7AE-BE3C-4F38-8560-95F4B2D0784A}.Debug|Any CPU.ActiveCfg = Debug|Any CPU
		{D9A1C7AE-BE3C-4F38-8560-95F4B2D0784A}.Debug|Any CPU.Build.0 = Debug|Any CPU
		{D9A1C7AE-BE3C-4F38-8560-95F4B2D0784A}.Debug|x64.ActiveCfg = Debug|Any CPU
		{D9A1C7AE-BE3C-4F38-8560-95F4B2D0784A}.Debug|x64.Build.0 = Debug|Any CPU
		{D9A1C7AE-BE3C-4F38-8560-95F4B2D0784A}.Debug|x86.ActiveCfg = Debug|Any CPU
		{D9A1C7AE-BE3C-4F38-8560-95F4B2D0784A}.Debug|x86.Build.0 = Debug|Any CPU
		{D9A1C7AE-BE3C-4F38-8560-95F4B2D0784A}.Release|Any CPU.ActiveCfg = Release|Any CPU
		{D9A1C7AE-BE3C-4F38-8560-95F4B2D0784A}.Release|Any CPU.Build.0 = Release|Any CPU
		{D9A1C7AE-BE3C-4F38-8560-95F4B2D0784A}.Release|x64.ActiveCfg = Release|Any CPU
		{D9A1C7AE-BE3C-4F38-8560-95F4B2D0784A}.Release|x64.Build.0 = Release|Any CPU
		{D9A1C7AE-BE3C-4F38-8560-95F4B2D0784A}.Release|x86.ActiveCfg = Release|Any CPU
		{D9A1C7AE-BE3C-4F38-8560-95F4B2D0784A}.Release|x86.Build.0 = Release|Any CPU
		{6FA96208-B4EB-4FF8-B079-4113E13B7D17}.Debug|Any CPU.ActiveCfg = Debug|Any CPU
		{6FA96208-B4EB-4FF8-B079-4113E13B7D17}.Debug|Any CPU.Build.0 = Debug|Any CPU
		{6FA96208-B4EB-4FF8-B079-4113E13B7D17}.Debug|x64.ActiveCfg = Debug|Any CPU
		{6FA96208-B4EB-4FF8-B079-4113E13B7D17}.Debug|x64.Build.0 = Debug|Any CPU
		{6FA96208-B4EB-4FF8-B079-4113E13B7D17}.Debug|x86.ActiveCfg = Debug|Any CPU
		{6FA96208-B4EB-4FF8-B079-4113E13B7D17}.Debug|x86.Build.0 = Debug|Any CPU
		{6FA96208-B4EB-4FF8-B079-4113E13B7D17}.Release|Any CPU.ActiveCfg = Release|Any CPU
		{6FA96208-B4EB-4FF8-B079-4113E13B7D17}.Release|Any CPU.Build.0 = Release|Any CPU
		{6FA96208-B4EB-4FF8-B079-4113E13B7D17}.Release|x64.ActiveCfg = Release|Any CPU
		{6FA96208-B4EB-4FF8-B079-4113E13B7D17}.Release|x64.Build.0 = Release|Any CPU
		{6FA96208-B4EB-4FF8-B079-4113E13B7D17}.Release|x86.ActiveCfg = Release|Any CPU
		{6FA96208-B4EB-4FF8-B079-4113E13B7D17}.Release|x86.Build.0 = Release|Any CPU
		{BAE86A12-CA95-4655-9D77-4635B95FEAA9}.Debug|Any CPU.ActiveCfg = Debug|Any CPU
		{BAE86A12-CA95-4655-9D77-4635B95FEAA9}.Debug|Any CPU.Build.0 = Debug|Any CPU
		{BAE86A12-CA95-4655-9D77-4635B95FEAA9}.Debug|x64.ActiveCfg = Debug|Any CPU
		{BAE86A12-CA95-4655-9D77-4635B95FEAA9}.Debug|x64.Build.0 = Debug|Any CPU
		{BAE86A12-CA95-4655-9D77-4635B95FEAA9}.Debug|x86.ActiveCfg = Debug|Any CPU
		{BAE86A12-CA95-4655-9D77-4635B95FEAA9}.Debug|x86.Build.0 = Debug|Any CPU
		{BAE86A12-CA95-4655-9D77-4635B95FEAA9}.Release|Any CPU.ActiveCfg = Release|Any CPU
		{BAE86A12-CA95-4655-9D77-4635B95FEAA9}.Release|Any CPU.Build.0 = Release|Any CPU
		{BAE86A12-CA95-4655-9D77-4635B95FEAA9}.Release|x64.ActiveCfg = Release|Any CPU
		{BAE86A12-CA95-4655-9D77-4635B95FEAA9}.Release|x64.Build.0 = Release|Any CPU
		{BAE86A12-CA95-4655-9D77-4635B95FEAA9}.Release|x86.ActiveCfg = Release|Any CPU
		{BAE86A12-CA95-4655-9D77-4635B95FEAA9}.Release|x86.Build.0 = Release|Any CPU
		{84FCBF5C-F013-48E2-A99B-0D7BFCBDA35A}.Debug|Any CPU.ActiveCfg = Debug|Any CPU
		{84FCBF5C-F013-48E2-A99B-0D7BFCBDA35A}.Debug|Any CPU.Build.0 = Debug|Any CPU
		{84FCBF5C-F013-48E2-A99B-0D7BFCBDA35A}.Debug|x64.ActiveCfg = Debug|Any CPU
		{84FCBF5C-F013-48E2-A99B-0D7BFCBDA35A}.Debug|x64.Build.0 = Debug|Any CPU
		{84FCBF5C-F013-48E2-A99B-0D7BFCBDA35A}.Debug|x86.ActiveCfg = Debug|Any CPU
		{84FCBF5C-F013-48E2-A99B-0D7BFCBDA35A}.Debug|x86.Build.0 = Debug|Any CPU
		{84FCBF5C-F013-48E2-A99B-0D7BFCBDA35A}.Release|Any CPU.ActiveCfg = Release|Any CPU
		{84FCBF5C-F013-48E2-A99B-0D7BFCBDA35A}.Release|Any CPU.Build.0 = Release|Any CPU
		{84FCBF5C-F013-48E2-A99B-0D7BFCBDA35A}.Release|x64.ActiveCfg = Release|Any CPU
		{84FCBF5C-F013-48E2-A99B-0D7BFCBDA35A}.Release|x64.Build.0 = Release|Any CPU
		{84FCBF5C-F013-48E2-A99B-0D7BFCBDA35A}.Release|x86.ActiveCfg = Release|Any CPU
		{84FCBF5C-F013-48E2-A99B-0D7BFCBDA35A}.Release|x86.Build.0 = Release|Any CPU
		{AD5B43FE-2662-4260-9B3A-127A52939BD0}.Debug|Any CPU.ActiveCfg = Debug|Any CPU
		{AD5B43FE-2662-4260-9B3A-127A52939BD0}.Debug|Any CPU.Build.0 = Debug|Any CPU
		{AD5B43FE-2662-4260-9B3A-127A52939BD0}.Debug|x64.ActiveCfg = Debug|Any CPU
		{AD5B43FE-2662-4260-9B3A-127A52939BD0}.Debug|x64.Build.0 = Debug|Any CPU
		{AD5B43FE-2662-4260-9B3A-127A52939BD0}.Debug|x86.ActiveCfg = Debug|Any CPU
		{AD5B43FE-2662-4260-9B3A-127A52939BD0}.Debug|x86.Build.0 = Debug|Any CPU
		{AD5B43FE-2662-4260-9B3A-127A52939BD0}.Release|Any CPU.ActiveCfg = Release|Any CPU
		{AD5B43FE-2662-4260-9B3A-127A52939BD0}.Release|Any CPU.Build.0 = Release|Any CPU
		{AD5B43FE-2662-4260-9B3A-127A52939BD0}.Release|x64.ActiveCfg = Release|Any CPU
		{AD5B43FE-2662-4260-9B3A-127A52939BD0}.Release|x64.Build.0 = Release|Any CPU
		{AD5B43FE-2662-4260-9B3A-127A52939BD0}.Release|x86.ActiveCfg = Release|Any CPU
		{AD5B43FE-2662-4260-9B3A-127A52939BD0}.Release|x86.Build.0 = Release|Any CPU
	EndGlobalSection
	GlobalSection(SolutionProperties) = preSolution
		HideSolutionNode = FALSE
	EndGlobalSection
	GlobalSection(NestedProjects) = preSolution
		{C8E42992-5E42-0C2B-DBFE-AA848D06431C} = {827E0CD3-B72D-47B6-A68D-7590B98EB39B}
		{1690ECB3-1BDF-4FB2-937D-948945783871} = {C8E42992-5E42-0C2B-DBFE-AA848D06431C}
		{81034408-37C8-1011-444E-4C15C2FADA8E} = {827E0CD3-B72D-47B6-A68D-7590B98EB39B}
		{3E1D3817-7E2D-4CA2-B67F-E7E0DCB6F7A3} = {81034408-37C8-1011-444E-4C15C2FADA8E}
		{EC447DCF-ABFA-6E24-52A5-D7FD48A5C558} = {827E0CD3-B72D-47B6-A68D-7590B98EB39B}
		{E9D55F35-C373-3DD8-6914-3213F2F582A2} = {EC447DCF-ABFA-6E24-52A5-D7FD48A5C558}
		{865CF716-B853-46A0-80A5-0804EFA0B182} = {E9D55F35-C373-3DD8-6914-3213F2F582A2}
		{458BB5ED-5A69-4DEF-842B-B05F10883187} = {E9D55F35-C373-3DD8-6914-3213F2F582A2}
		{BCAFBC91-F643-4677-85D2-1AC489125765} = {E9D55F35-C373-3DD8-6914-3213F2F582A2}
		{FABA5AED-8473-ECDD-F898-04A2F061EC74} = {EC447DCF-ABFA-6E24-52A5-D7FD48A5C558}
		{87489D1F-AABC-4DE7-A511-16A662FDDBD1} = {FABA5AED-8473-ECDD-F898-04A2F061EC74}
		{582CA2B8-AE17-46F4-A201-783D352EA5D4} = {FABA5AED-8473-ECDD-F898-04A2F061EC74}
		{0E4C836C-9012-41D3-93B1-850FC4F26674} = {FABA5AED-8473-ECDD-F898-04A2F061EC74}
		{3482A603-7AEB-377F-9DA5-9757A465DBE8} = {EC447DCF-ABFA-6E24-52A5-D7FD48A5C558}
		{3A419FDD-C080-405A-92CB-3B52CE9ED40D} = {3482A603-7AEB-377F-9DA5-9757A465DBE8}
		{45A5F21C-999B-4940-8C00-FF6AA2D49D5A} = {3482A603-7AEB-377F-9DA5-9757A465DBE8}
		{D9A1C7AE-BE3C-4F38-8560-95F4B2D0784A} = {3482A603-7AEB-377F-9DA5-9757A465DBE8}
		{F0EECECE-E7AF-469A-3DD3-7F1A8CA7A7AC} = {EC447DCF-ABFA-6E24-52A5-D7FD48A5C558}
		{6FA96208-B4EB-4FF8-B079-4113E13B7D17} = {F0EECECE-E7AF-469A-3DD3-7F1A8CA7A7AC}
		{BAE86A12-CA95-4655-9D77-4635B95FEAA9} = {F0EECECE-E7AF-469A-3DD3-7F1A8CA7A7AC}
		{84FCBF5C-F013-48E2-A99B-0D7BFCBDA35A} = {F0EECECE-E7AF-469A-3DD3-7F1A8CA7A7AC}
		{AD5B43FE-2662-4260-9B3A-127A52939BD0} = {C8E42992-5E42-0C2B-DBFE-AA848D06431C}
	EndGlobalSection
EndGlobal
