
Microsoft Visual Studio Solution File, Format Version 12.00
# Visual Studio Version 17
VisualStudioVersion = 17.0.31903.59
MinimumVisualStudioVersion = 10.0.40219.1
Project("{FAE04EC0-301F-11D3-BF4B-00C04F79EFBC}") = "SharpInvoice.Application", "SharpInvoice.Application\SharpInvoice.Application.csproj", "{29E9D46E-13BC-4747-809E-5A8D05314BB9}"
EndProject
Project("{FAE04EC0-301F-11D3-BF4B-00C04F79EFBC}") = "SharpInvoice.Core", "SharpInvoice.Domain\SharpInvoice.Core.csproj", "{54116F06-A955-40A8-B40F-02D0E2084472}"
EndProject
Project("{FAE04EC0-301F-11D3-BF4B-00C04F79EFBC}") = "SharpInvoice.Infrastructure", "SharpInvoice.Infrastructure\SharpInvoice.Infrastructure.csproj", "{5D5D27FB-97F9-4989-A8B2-94D04270BEC5}"
EndProject
Global
	GlobalSection(SolutionConfigurationPlatforms) = preSolution
		Debug|Any CPU = Debug|Any CPU
		Release|Any CPU = Release|Any CPU
	EndGlobalSection
	GlobalSection(ProjectConfigurationPlatforms) = postSolution
		{29E9D46E-13BC-4747-809E-5A8D05314BB9}.Debug|Any CPU.ActiveCfg = Debug|Any CPU
		{29E9D46E-13BC-4747-809E-5A8D05314BB9}.Debug|Any CPU.Build.0 = Debug|Any CPU
		{29E9D46E-13BC-4747-809E-5A8D05314BB9}.Release|Any CPU.ActiveCfg = Release|Any CPU
		{29E9D46E-13BC-4747-809E-5A8D05314BB9}.Release|Any CPU.Build.0 = Release|Any CPU
		{54116F06-A955-40A8-B40F-02D0E2084472}.Debug|Any CPU.ActiveCfg = Debug|Any CPU
		{54116F06-A955-40A8-B40F-02D0E2084472}.Debug|Any CPU.Build.0 = Debug|Any CPU
		{54116F06-A955-40A8-B40F-02D0E2084472}.Release|Any CPU.ActiveCfg = Release|Any CPU
		{54116F06-A955-40A8-B40F-02D0E2084472}.Release|Any CPU.Build.0 = Release|Any CPU
		{5D5D27FB-97F9-4989-A8B2-94D04270BEC5}.Debug|Any CPU.ActiveCfg = Debug|Any CPU
		{5D5D27FB-97F9-4989-A8B2-94D04270BEC5}.Debug|Any CPU.Build.0 = Debug|Any CPU
		{5D5D27FB-97F9-4989-A8B2-94D04270BEC5}.Release|Any CPU.ActiveCfg = Release|Any CPU
		{5D5D27FB-97F9-4989-A8B2-94D04270BEC5}.Release|Any CPU.Build.0 = Release|Any CPU
	EndGlobalSection
	GlobalSection(SolutionProperties) = preSolution
		HideSolutionNode = FALSE
	EndGlobalSection
EndGlobal
